
Microsoft Visual Studio Solution File, Format Version 12.00
# Visual Studio 15
VisualStudioVersion = 15.0.27428.2043
MinimumVisualStudioVersion = 10.0.40219.1
Project("{FAE04EC0-301F-11D3-BF4B-00C04F79EFBC}") = "EnglishLearning", "EnglishLearning\EnglishLearning.csproj", "{9432C07A-E8CA-4B57-993C-A53D219F058E}"
EndProject
Project("{FAE04EC0-301F-11D3-BF4B-00C04F79EFBC}") = "EnglishLearningDomain", "EnglishLearningDomain\EnglishLearningDomain.csproj", "{3A1CA962-DDA4-449B-BC81-A456765DA350}"
EndProject
Project("{FAE04EC0-301F-11D3-BF4B-00C04F79EFBC}") = "EnglishLearningInfrastructure", "EnglishLearningInfrastructure\EnglishLearningInfrastructure.csproj", "{071D00F1-002F-43FC-9388-154435D346F4}"
EndProject
Global
	GlobalSection(SolutionConfigurationPlatforms) = preSolution
		Debug|Any CPU = Debug|Any CPU
		Release|Any CPU = Release|Any CPU
	EndGlobalSection
	GlobalSection(ProjectConfigurationPlatforms) = postSolution
		{9432C07A-E8CA-4B57-993C-A53D219F058E}.Debug|Any CPU.ActiveCfg = Debug|Any CPU
		{9432C07A-E8CA-4B57-993C-A53D219F058E}.Debug|Any CPU.Build.0 = Debug|Any CPU
		{9432C07A-E8CA-4B57-993C-A53D219F058E}.Release|Any CPU.ActiveCfg = Release|Any CPU
		{9432C07A-E8CA-4B57-993C-A53D219F058E}.Release|Any CPU.Build.0 = Release|Any CPU
		{3A1CA962-DDA4-449B-BC81-A456765DA350}.Debug|Any CPU.ActiveCfg = Debug|Any CPU
		{3A1CA962-DDA4-449B-BC81-A456765DA350}.Debug|Any CPU.Build.0 = Debug|Any CPU
		{3A1CA962-DDA4-449B-BC81-A456765DA350}.Release|Any CPU.ActiveCfg = Release|Any CPU
		{3A1CA962-DDA4-449B-BC81-A456765DA350}.Release|Any CPU.Build.0 = Release|Any CPU
		{071D00F1-002F-43FC-9388-154435D346F4}.Debug|Any CPU.ActiveCfg = Debug|Any CPU
		{071D00F1-002F-43FC-9388-154435D346F4}.Debug|Any CPU.Build.0 = Debug|Any CPU
		{071D00F1-002F-43FC-9388-154435D346F4}.Release|Any CPU.ActiveCfg = Release|Any CPU
		{071D00F1-002F-43FC-9388-154435D346F4}.Release|Any CPU.Build.0 = Release|Any CPU
	EndGlobalSection
	GlobalSection(SolutionProperties) = preSolution
		HideSolutionNode = FALSE
	EndGlobalSection
	GlobalSection(ExtensibilityGlobals) = postSolution
		SolutionGuid = {7AB0EE64-C1ED-4D5D-9D77-1F4E2A5AB83E}
	EndGlobalSection
EndGlobal
